// !$*UTF8*$!
{
	archiveVersion = 1;
	classes = {
	};
	objectVersion = 77;
	objects = {

/* Begin PBXBuildFile section */
		A64C06B02F25E38900C73210 /* MWDATCamera in Frameworks */ = {isa = PBXBuildFile; productRef = A64C06AF2F25E38900C73210 /* MWDATCamera */; };
		A64C06B22F25E38900C73210 /* MWDATCore in Frameworks */ = {isa = PBXBuildFile; productRef = A64C06B12F25E38900C73210 /* MWDATCore */; };
/* End PBXBuildFile section */

/* Begin PBXContainerItemProxy section */
		A64C06922F25E1CF00C73210 /* PBXContainerItemProxy */ = {
			isa = PBXContainerItemProxy;
			containerPortal = A64C06792F25E1CD00C73210 /* Project object */;
			proxyType = 1;
			remoteGlobalIDString = A64C06802F25E1CD00C73210;
			remoteInfo = Power2ThePeople;
		};
		A64C069C2F25E1CF00C73210 /* PBXContainerItemProxy */ = {
			isa = PBXContainerItemProxy;
			containerPortal = A64C06792F25E1CD00C73210 /* Project object */;
			proxyType = 1;
			remoteGlobalIDString = A64C06802F25E1CD00C73210;
			remoteInfo = Power2ThePeople;
		};
/* End PBXContainerItemProxy section */

/* Begin PBXFileReference section */
		A64C06812F25E1CD00C73210 /* Power2ThePeople.app */ = {isa = PBXFileReference; explicitFileType = wrapper.application; includeInIndex = 0; path = Power2ThePeople.app; sourceTree = BUILT_PRODUCTS_DIR; };
		A64C06912F25E1CF00C73210 /* Power2ThePeopleTests.xctest */ = {isa = PBXFileReference; explicitFileType = wrapper.cfbundle; includeInIndex = 0; path = Power2ThePeopleTests.xctest; sourceTree = BUILT_PRODUCTS_DIR; };
		A64C069B2F25E1CF00C73210 /* Power2ThePeopleUITests.xctest */ = {isa = PBXFileReference; explicitFileType = wrapper.cfbundle; includeInIndex = 0; path = Power2ThePeopleUITests.xctest; sourceTree = BUILT_PRODUCTS_DIR; };
/* End PBXFileReference section */

/* Begin PBXFileSystemSynchronizedBuildFileExceptionSet section */
		A64C06B42F25E52F00C73210 /* Exceptions for "Power2ThePeople" folder in "Power2ThePeople" target */ = {
			isa = PBXFileSystemSynchronizedBuildFileExceptionSet;
			membershipExceptions = (
				Info.plist,
			);
			target = A64C06802F25E1CD00C73210 /* Power2ThePeople */;
		};
/* End PBXFileSystemSynchronizedBuildFileExceptionSet section */

/* Begin PBXFileSystemSynchronizedRootGroup section */
		A64C06832F25E1CD00C73210 /* Power2ThePeople */ = {
			isa = PBXFileSystemSynchronizedRootGroup;
			exceptions = (
				A64C06B42F25E52F00C73210 /* Exceptions for "Power2ThePeople" folder in "Power2ThePeople" target */,
			);
			path = Power2ThePeople;
			sourceTree = "<group>";
		};
		A64C06942F25E1CF00C73210 /* Power2ThePeopleTests */ = {
			isa = PBXFileSystemSynchronizedRootGroup;
			path = Power2ThePeopleTests;
			sourceTree = "<group>";
		};
		A64C069E2F25E1CF00C73210 /* Power2ThePeopleUITests */ = {
			isa = PBXFileSystemSynchronizedRootGroup;
			path = Power2ThePeopleUITests;
			sourceTree = "<group>";
		};
/* End PBXFileSystemSynchronizedRootGroup section */

/* Begin PBXFrameworksBuildPhase section */
		A64C067E2F25E1CD00C73210 /* Frameworks */ = {
			isa = PBXFrameworksBuildPhase;
			buildActionMask = 2147483647;
			files = (
				A64C06B02F25E38900C73210 /* MWDATCamera in Frameworks */,
				A64C06B22F25E38900C73210 /* MWDATCore in Frameworks */,
			);
			runOnlyForDeploymentPostprocessing = 0;
		};
		A64C068E2F25E1CF00C73210 /* Frameworks */ = {
			isa = PBXFrameworksBuildPhase;
			buildActionMask = 2147483647;
			files = (
			);
			runOnlyForDeploymentPostprocessing = 0;
		};
		A64C06982F25E1CF00C73210 /* Frameworks */ = {
			isa = PBXFrameworksBuildPhase;
			buildActionMask = 2147483647;
			files = (
			);
			runOnlyForDeploymentPostprocessing = 0;
		};
/* End PBXFrameworksBuildPhase section */

/* Begin PBXGroup section */
		A64C06782F25E1CD00C73210 = {
			isa = PBXGroup;
			children = (
				A64C06832F25E1CD00C73210 /* Power2ThePeople */,
				A64C06942F25E1CF00C73210 /* Power2ThePeopleTests */,
				A64C069E2F25E1CF00C73210 /* Power2ThePeopleUITests */,
				A64C06822F25E1CD00C73210 /* Products */,
			);
			sourceTree = "<group>";
		};
		A64C06822F25E1CD00C73210 /* Products */ = {
			isa = PBXGroup;
			children = (
				A64C06812F25E1CD00C73210 /* Power2ThePeople.app */,
				A64C06912F25E1CF00C73210 /* Power2ThePeopleTests.xctest */,
				A64C069B2F25E1CF00C73210 /* Power2ThePeopleUITests.xctest */,
			);
			name = Products;
			sourceTree = "<group>";
		};
/* End PBXGroup section */

/* Begin PBXNativeTarget section */
		A64C06802F25E1CD00C73210 /* Power2ThePeople */ = {
			isa = PBXNativeTarget;
			buildConfigurationList = A64C06A52F25E1CF00C73210 /* Build configuration list for PBXNativeTarget "Power2ThePeople" */;
			buildPhases = (
				A64C067D2F25E1CD00C73210 /* Sources */,
				A64C067E2F25E1CD00C73210 /* Frameworks */,
				A64C067F2F25E1CD00C73210 /* Resources */,
			);
			buildRules = (
			);
			dependencies = (
			);
			fileSystemSynchronizedGroups = (
				A64C06832F25E1CD00C73210 /* Power2ThePeople */,
			);
			name = Power2ThePeople;
			packageProductDependencies = (
				A64C06AF2F25E38900C73210 /* MWDATCamera */,
				A64C06B12F25E38900C73210 /* MWDATCore */,
			);
			productName = Power2ThePeople;
			productReference = A64C06812F25E1CD00C73210 /* Power2ThePeople.app */;
			productType = "com.apple.product-type.application";
		};
		A64C06902F25E1CF00C73210 /* Power2ThePeopleTests */ = {
			isa = PBXNativeTarget;
			buildConfigurationList = A64C06A82F25E1CF00C73210 /* Build configuration list for PBXNativeTarget "Power2ThePeopleTests" */;
			buildPhases = (
				A64C068D2F25E1CF00C73210 /* Sources */,
				A64C068E2F25E1CF00C73210 /* Frameworks */,
				A64C068F2F25E1CF00C73210 /* Resources */,
			);
			buildRules = (
			);
			dependencies = (
				A64C06932F25E1CF00C73210 /* PBXTargetDependency */,
			);
			fileSystemSynchronizedGroups = (
				A64C06942F25E1CF00C73210 /* Power2ThePeopleTests */,
			);
			name = Power2ThePeopleTests;
			packageProductDependencies = (
			);
			productName = Power2ThePeopleTests;
			productReference = A64C06912F25E1CF00C73210 /* Power2ThePeopleTests.xctest */;
			productType = "com.apple.product-type.bundle.unit-test";
		};
		A64C069A2F25E1CF00C73210 /* Power2ThePeopleUITests */ = {
			isa = PBXNativeTarget;
			buildConfigurationList = A64C06AB2F25E1CF00C73210 /* Build configuration list for PBXNativeTarget "Power2ThePeopleUITests" */;
			buildPhases = (
				A64C06972F25E1CF00C73210 /* Sources */,
				A64C06982F25E1CF00C73210 /* Frameworks */,
				A64C06992F25E1CF00C73210 /* Resources */,
			);
			buildRules = (
			);
			dependencies = (
				A64C069D2F25E1CF00C73210 /* PBXTargetDependency */,
			);
			fileSystemSynchronizedGroups = (
				A64C069E2F25E1CF00C73210 /* Power2ThePeopleUITests */,
			);
			name = Power2ThePeopleUITests;
			packageProductDependencies = (
			);
			productName = Power2ThePeopleUITests;
			productReference = A64C069B2F25E1CF00C73210 /* Power2ThePeopleUITests.xctest */;
			productType = "com.apple.product-type.bundle.ui-testing";
		};
/* End PBXNativeTarget section */

/* Begin PBXProject section */
		A64C06792F25E1CD00C73210 /* Project object */ = {
			isa = PBXProject;
			attributes = {
				BuildIndependentTargetsInParallel = 1;
				LastSwiftUpdateCheck = 1620;
				LastUpgradeCheck = 1620;
				TargetAttributes = {
					A64C06802F25E1CD00C73210 = {
						CreatedOnToolsVersion = 16.2;
					};
					A64C06902F25E1CF00C73210 = {
						CreatedOnToolsVersion = 16.2;
						TestTargetID = A64C06802F25E1CD00C73210;
					};
					A64C069A2F25E1CF00C73210 = {
						CreatedOnToolsVersion = 16.2;
						TestTargetID = A64C06802F25E1CD00C73210;
					};
				};
			};
			buildConfigurationList = A64C067C2F25E1CD00C73210 /* Build configuration list for PBXProject "Power2ThePeople" */;
			developmentRegion = en;
			hasScannedForEncodings = 0;
			knownRegions = (
				en,
				Base,
			);
			mainGroup = A64C06782F25E1CD00C73210;
			minimizedProjectReferenceProxies = 1;
			packageReferences = (
				A64C06AE2F25E38900C73210 /* XCRemoteSwiftPackageReference "meta-wearables-dat-ios" */,
			);
			preferredProjectObjectVersion = 77;
			productRefGroup = A64C06822F25E1CD00C73210 /* Products */;
			projectDirPath = "";
			projectRoot = "";
			targets = (
				A64C06802F25E1CD00C73210 /* Power2ThePeople */,
				A64C06902F25E1CF00C73210 /* Power2ThePeopleTests */,
				A64C069A2F25E1CF00C73210 /* Power2ThePeopleUITests */,
			);
		};
/* End PBXProject section */

/* Begin PBXResourcesBuildPhase section */
		A64C067F2F25E1CD00C73210 /* Resources */ = {
			isa = PBXResourcesBuildPhase;
			buildActionMask = 2147483647;
			files = (
			);
			runOnlyForDeploymentPostprocessing = 0;
		};
		A64C068F2F25E1CF00C73210 /* Resources */ = {
			isa = PBXResourcesBuildPhase;
			buildActionMask = 2147483647;
			files = (
			);
			runOnlyForDeploymentPostprocessing = 0;
		};
		A64C06992F25E1CF00C73210 /* Resources */ = {
			isa = PBXResourcesBuildPhase;
			buildActionMask = 2147483647;
			files = (
			);
			runOnlyForDeploymentPostprocessing = 0;
		};
/* End PBXResourcesBuildPhase section */

/* Begin PBXSourcesBuildPhase section */
		A64C067D2F25E1CD00C73210 /* Sources */ = {
			isa = PBXSourcesBuildPhase;
			buildActionMask = 2147483647;
			files = (
			);
			runOnlyForDeploymentPostprocessing = 0;
		};
		A64C068D2F25E1CF00C73210 /* Sources */ = {
			isa = PBXSourcesBuildPhase;
			buildActionMask = 2147483647;
			files = (
			);
			runOnlyForDeploymentPostprocessing = 0;
		};
		A64C06972F25E1CF00C73210 /* Sources */ = {
			isa = PBXSourcesBuildPhase;
			buildActionMask = 2147483647;
			files = (
			);
			runOnlyForDeploymentPostprocessing = 0;
		};
/* End PBXSourcesBuildPhase section */

/* Begin PBXTargetDependency section */
		A64C06932F25E1CF00C73210 /* PBXTargetDependency */ = {
			isa = PBXTargetDependency;
			target = A64C06802F25E1CD00C73210 /* Power2ThePeople */;
			targetProxy = A64C06922F25E1CF00C73210 /* PBXContainerItemProxy */;
		};
		A64C069D2F25E1CF00C73210 /* PBXTargetDependency */ = {
			isa = PBXTargetDependency;
			target = A64C06802F25E1CD00C73210 /* Power2ThePeople */;
			targetProxy = A64C069C2F25E1CF00C73210 /* PBXContainerItemProxy */;
		};
/* End PBXTargetDependency section */

/* Begin XCBuildConfiguration section */
		A64C06A32F25E1CF00C73210 /* Debug */ = {
			isa = XCBuildConfiguration;
			buildSettings = {
				ALWAYS_SEARCH_USER_PATHS = NO;
				ASSETCATALOG_COMPILER_GENERATE_SWIFT_ASSET_SYMBOL_EXTENSIONS = YES;
				CLANG_ANALYZER_NONNULL = YES;
				CLANG_ANALYZER_NUMBER_OBJECT_CONVERSION = YES_AGGRESSIVE;
				CLANG_CXX_LANGUAGE_STANDARD = "gnu++20";
				CLANG_ENABLE_MODULES = YES;
				CLANG_ENABLE_OBJC_ARC = YES;
				CLANG_ENABLE_OBJC_WEAK = YES;
				CLANG_WARN_BLOCK_CAPTURE_AUTORELEASING = YES;
				CLANG_WARN_BOOL_CONVERSION = YES;
				CLANG_WARN_COMMA = YES;
				CLANG_WARN_CONSTANT_CONVERSION = YES;
				CLANG_WARN_DEPRECATED_OBJC_IMPLEMENTATIONS = YES;
				CLANG_WARN_DIRECT_OBJC_ISA_USAGE = YES_ERROR;
				CLANG_WARN_DOCUMENTATION_COMMENTS = YES;
				CLANG_WARN_EMPTY_BODY = YES;
				CLANG_WARN_ENUM_CONVERSION = YES;
				CLANG_WARN_INFINITE_RECURSION = YES;
				CLANG_WARN_INT_CONVERSION = YES;
				CLANG_WARN_NON_LITERAL_NULL_CONVERSION = YES;
				CLANG_WARN_OBJC_IMPLICIT_RETAIN_SELF = YES;
				CLANG_WARN_OBJC_LITERAL_CONVERSION = YES;
				CLANG_WARN_OBJC_ROOT_CLASS = YES_ERROR;
				CLANG_WARN_QUOTED_INCLUDE_IN_FRAMEWORK_HEADER = YES;
				CLANG_WARN_RANGE_LOOP_ANALYSIS = YES;
				CLANG_WARN_STRICT_PROTOTYPES = YES;
				CLANG_WARN_SUSPICIOUS_MOVE = YES;
				CLANG_WARN_UNGUARDED_AVAILABILITY = YES_AGGRESSIVE;
				CLANG_WARN_UNREACHABLE_CODE = YES;
				CLANG_WARN__DUPLICATE_METHOD_MATCH = YES;
				COPY_PHASE_STRIP = NO;
				DEBUG_INFORMATION_FORMAT = dwarf;
				ENABLE_STRICT_OBJC_MSGSEND = YES;
				ENABLE_TESTABILITY = YES;
				ENABLE_USER_SCRIPT_SANDBOXING = YES;
				GCC_C_LANGUAGE_STANDARD = gnu17;
				GCC_DYNAMIC_NO_PIC = NO;
				GCC_NO_COMMON_BLOCKS = YES;
				GCC_OPTIMIZATION_LEVEL = 0;
				GCC_PREPROCESSOR_DEFINITIONS = (
					"DEBUG=1",
					"$(inherited)",
				);
				GCC_WARN_64_TO_32_BIT_CONVERSION = YES;
				GCC_WARN_ABOUT_RETURN_TYPE = YES_ERROR;
				GCC_WARN_UNDECLARED_SELECTOR = YES;
				GCC_WARN_UNINITIALIZED_AUTOS = YES_AGGRESSIVE;
				GCC_WARN_UNUSED_FUNCTION = YES;
				GCC_WARN_UNUSED_VARIABLE = YES;
				IPHONEOS_DEPLOYMENT_TARGET = 18.2;
				LOCALIZATION_PREFERS_STRING_CATALOGS = YES;
				MTL_ENABLE_DEBUG_INFO = INCLUDE_SOURCE;
				MTL_FAST_MATH = YES;
				ONLY_ACTIVE_ARCH = YES;
				SDKROOT = iphoneos;
				SWIFT_ACTIVE_COMPILATION_CONDITIONS = "DEBUG $(inherited)";
				SWIFT_OPTIMIZATION_LEVEL = "-Onone";
			};
			name = Debug;
		};
		A64C06A42F25E1CF00C73210 /* Release */ = {
			isa = XCBuildConfiguration;
			buildSettings = {
				ALWAYS_SEARCH_USER_PATHS = NO;
				ASSETCATALOG_COMPILER_GENERATE_SWIFT_ASSET_SYMBOL_EXTENSIONS = YES;
				CLANG_ANALYZER_NONNULL = YES;
				CLANG_ANALYZER_NUMBER_OBJECT_CONVERSION = YES_AGGRESSIVE;
				CLANG_CXX_LANGUAGE_STANDARD = "gnu++20";
				CLANG_ENABLE_MODULES = YES;
				CLANG_ENABLE_OBJC_ARC = YES;
				CLANG_ENABLE_OBJC_WEAK = YES;
				CLANG_WARN_BLOCK_CAPTURE_AUTORELEASING = YES;
				CLANG_WARN_BOOL_CONVERSION = YES;
				CLANG_WARN_COMMA = YES;
				CLANG_WARN_CONSTANT_CONVERSION = YES;
				CLANG_WARN_DEPRECATED_OBJC_IMPLEMENTATIONS = YES;
				CLANG_WARN_DIRECT_OBJC_ISA_USAGE = YES_ERROR;
				CLANG_WARN_DOCUMENTATION_COMMENTS = YES;
				CLANG_WARN_EMPTY_BODY = YES;
				CLANG_WARN_ENUM_CONVERSION = YES;
				CLANG_WARN_INFINITE_RECURSION = YES;
				CLANG_WARN_INT_CONVERSION = YES;
				CLANG_WARN_NON_LITERAL_NULL_CONVERSION = YES;
				CLANG_WARN_OBJC_IMPLICIT_RETAIN_SELF = YES;
				CLANG_WARN_OBJC_LITERAL_CONVERSION = YES;
				CLANG_WARN_OBJC_ROOT_CLASS = YES_ERROR;
				CLANG_WARN_QUOTED_INCLUDE_IN_FRAMEWORK_HEADER = YES;
				CLANG_WARN_RANGE_LOOP_ANALYSIS = YES;
				CLANG_WARN_STRICT_PROTOTYPES = YES;
				CLANG_WARN_SUSPICIOUS_MOVE = YES;
				CLANG_WARN_UNGUARDED_AVAILABILITY = YES_AGGRESSIVE;
				CLANG_WARN_UNREACHABLE_CODE = YES;
				CLANG_WARN__DUPLICATE_METHOD_MATCH = YES;
				COPY_PHASE_STRIP = NO;
				DEBUG_INFORMATION_FORMAT = "dwarf-with-dsym";
				ENABLE_NS_ASSERTIONS = NO;
				ENABLE_STRICT_OBJC_MSGSEND = YES;
				ENABLE_USER_SCRIPT_SANDBOXING = YES;
				GCC_C_LANGUAGE_STANDARD = gnu17;
				GCC_NO_COMMON_BLOCKS = YES;
				GCC_WARN_64_TO_32_BIT_CONVERSION = YES;
				GCC_WARN_ABOUT_RETURN_TYPE = YES_ERROR;
				GCC_WARN_UNDECLARED_SELECTOR = YES;
				GCC_WARN_UNINITIALIZED_AUTOS = YES_AGGRESSIVE;
				GCC_WARN_UNUSED_FUNCTION = YES;
				GCC_WARN_UNUSED_VARIABLE = YES;
				IPHONEOS_DEPLOYMENT_TARGET = 18.2;
				LOCALIZATION_PREFERS_STRING_CATALOGS = YES;
				MTL_ENABLE_DEBUG_INFO = NO;
				MTL_FAST_MATH = YES;
				SDKROOT = iphoneos;
				SWIFT_COMPILATION_MODE = wholemodule;
				VALIDATE_PRODUCT = YES;
			};
			name = Release;
		};
		A64C06A62F25E1CF00C73210 /* Debug */ = {
			isa = XCBuildConfiguration;
			buildSettings = {
				ASSETCATALOG_COMPILER_APPICON_NAME = AppIcon;
				ASSETCATALOG_COMPILER_GLOBAL_ACCENT_COLOR_NAME = AccentColor;
				CODE_SIGN_STYLE = Automatic;
				CURRENT_PROJECT_VERSION = 1;
				DEVELOPMENT_ASSET_PATHS = "\"Power2ThePeople/Preview Content\"";
				DEVELOPMENT_TEAM = AVHWUZSA3G;
				ENABLE_PREVIEWS = YES;
				GENERATE_INFOPLIST_FILE = YES;
				INFOPLIST_FILE = Power2ThePeople/Info.plist;
				INFOPLIST_KEY_NSBluetoothAlwaysUsageDescription = "Needed to connect to Meta Wearables";
				INFOPLIST_KEY_NSMicrophoneUsageDescription = "Needed to record audio for transcription";
				INFOPLIST_KEY_NSSpeechRecognitionUsageDescription = "Needed for live speech-to-text transcription";
				INFOPLIST_KEY_UIApplicationSceneManifest_Generation = YES;
				INFOPLIST_KEY_UIApplicationSupportsIndirectInputEvents = YES;
				INFOPLIST_KEY_UILaunchScreen_Generation = YES;
				INFOPLIST_KEY_UISupportedInterfaceOrientations_iPad = "UIInterfaceOrientationPortrait UIInterfaceOrientationPortraitUpsideDown UIInterfaceOrientationLandscapeLeft UIInterfaceOrientationLandscapeRight";
				INFOPLIST_KEY_UISupportedInterfaceOrientations_iPhone = "UIInterfaceOrientationPortrait UIInterfaceOrientationLandscapeLeft UIInterfaceOrientationLandscapeRight";
				LD_RUNPATH_SEARCH_PATHS = (
					"$(inherited)",
					"@executable_path/Frameworks",
				);
				MARKETING_VERSION = 1.0;
				PRODUCT_BUNDLE_IDENTIFIER = com.rayyan.Power2ThePeople;
				PRODUCT_NAME = "$(TARGET_NAME)";
				SWIFT_EMIT_LOC_STRINGS = YES;
				SWIFT_VERSION = 5.0;
				TARGETED_DEVICE_FAMILY = "1,2";
			};
			name = Debug;
		};
		A64C06A72F25E1CF00C73210 /* Release */ = {
			isa = XCBuildConfiguration;
			buildSettings = {
				ASSETCATALOG_COMPILER_APPICON_NAME = AppIcon;
				ASSETCATALOG_COMPILER_GLOBAL_ACCENT_COLOR_NAME = AccentColor;
				CODE_SIGN_STYLE = Automatic;
				CURRENT_PROJECT_VERSION = 1;
				DEVELOPMENT_ASSET_PATHS = "\"Power2ThePeople/Preview Content\"";
				DEVELOPMENT_TEAM = AVHWUZSA3G;
				ENABLE_PREVIEWS = YES;
				GENERATE_INFOPLIST_FILE = YES;
				INFOPLIST_FILE = Power2ThePeople/Info.plist;
				INFOPLIST_KEY_NSBluetoothAlwaysUsageDescription = "Needed to connect to Meta Wearables";
				INFOPLIST_KEY_NSMicrophoneUsageDescription = "Needed to record audio for transcription";
				INFOPLIST_KEY_NSSpeechRecognitionUsageDescription = "Needed for live speech-to-text transcription";
				INFOPLIST_KEY_UIApplicationSceneManifest_Generation = YES;
				INFOPLIST_KEY_UIApplicationSupportsIndirectInputEvents = YES;
				INFOPLIST_KEY_UILaunchScreen_Generation = YES;
				INFOPLIST_KEY_UISupportedInterfaceOrientations_iPad = "UIInterfaceOrientationPortrait UIInterfaceOrientationPortraitUpsideDown UIInterfaceOrientationLandscapeLeft UIInterfaceOrientationLandscapeRight";
				INFOPLIST_KEY_UISupportedInterfaceOrientations_iPhone = "UIInterfaceOrientationPortrait UIInterfaceOrientationLandscapeLeft UIInterfaceOrientationLandscapeRight";
				LD_RUNPATH_SEARCH_PATHS = (
					"$(inherited)",
					"@executable_path/Frameworks",
				);
				MARKETING_VERSION = 1.0;
				PRODUCT_BUNDLE_IDENTIFIER = com.rayyan.Power2ThePeople;
				PRODUCT_NAME = "$(TARGET_NAME)";
				SWIFT_EMIT_LOC_STRINGS = YES;
				SWIFT_VERSION = 5.0;
				TARGETED_DEVICE_FAMILY = "1,2";
			};
			name = Release;
		};
		A64C06A92F25E1CF00C73210 /* Debug */ = {
			isa = XCBuildConfiguration;
			buildSettings = {
				BUNDLE_LOADER = "$(TEST_HOST)";
				CODE_SIGN_STYLE = Automatic;
				CURRENT_PROJECT_VERSION = 1;
				GENERATE_INFOPLIST_FILE = YES;
				IPHONEOS_DEPLOYMENT_TARGET = 18.2;
				MARKETING_VERSION = 1.0;
				PRODUCT_BUNDLE_IDENTIFIER = com.rayyan.Power2ThePeopleTests;
				PRODUCT_NAME = "$(TARGET_NAME)";
				SWIFT_EMIT_LOC_STRINGS = NO;
				SWIFT_VERSION = 5.0;
				TARGETED_DEVICE_FAMILY = "1,2";
				TEST_HOST = "$(BUILT_PRODUCTS_DIR)/Power2ThePeople.app/$(BUNDLE_EXECUTABLE_FOLDER_PATH)/Power2ThePeople";
			};
			name = Debug;
		};
		A64C06AA2F25E1CF00C73210 /* Release */ = {
			isa = XCBuildConfiguration;
			buildSettings = {
				BUNDLE_LOADER = "$(TEST_HOST)";
				CODE_SIGN_STYLE = Automatic;
				CURRENT_PROJECT_VERSION = 1;
				GENERATE_INFOPLIST_FILE = YES;
				IPHONEOS_DEPLOYMENT_TARGET = 18.2;
				MARKETING_VERSION = 1.0;
				PRODUCT_BUNDLE_IDENTIFIER = com.rayyan.Power2ThePeopleTests;
				PRODUCT_NAME = "$(TARGET_NAME)";
				SWIFT_EMIT_LOC_STRINGS = NO;
				SWIFT_VERSION = 5.0;
				TARGETED_DEVICE_FAMILY = "1,2";
				TEST_HOST = "$(BUILT_PRODUCTS_DIR)/Power2ThePeople.app/$(BUNDLE_EXECUTABLE_FOLDER_PATH)/Power2ThePeople";
			};
			name = Release;
		};
		A64C06AC2F25E1CF00C73210 /* Debug */ = {
			isa = XCBuildConfiguration;
			buildSettings = {
				CODE_SIGN_STYLE = Automatic;
				CURRENT_PROJECT_VERSION = 1;
				GENERATE_INFOPLIST_FILE = YES;
				MARKETING_VERSION = 1.0;
				PRODUCT_BUNDLE_IDENTIFIER = com.rayyan.Power2ThePeopleUITests;
				PRODUCT_NAME = "$(TARGET_NAME)";
				SWIFT_EMIT_LOC_STRINGS = NO;
				SWIFT_VERSION = 5.0;
				TARGETED_DEVICE_FAMILY = "1,2";
				TEST_TARGET_NAME = Power2ThePeople;
			};
			name = Debug;
		};
		A64C06AD2F25E1CF00C73210 /* Release */ = {
			isa = XCBuildConfiguration;
			buildSettings = {
				CODE_SIGN_STYLE = Automatic;
				CURRENT_PROJECT_VERSION = 1;
				GENERATE_INFOPLIST_FILE = YES;
				MARKETING_VERSION = 1.0;
				PRODUCT_BUNDLE_IDENTIFIER = com.rayyan.Power2ThePeopleUITests;
				PRODUCT_NAME = "$(TARGET_NAME)";
				SWIFT_EMIT_LOC_STRINGS = NO;
				SWIFT_VERSION = 5.0;
				TARGETED_DEVICE_FAMILY = "1,2";
				TEST_TARGET_NAME = Power2ThePeople;
			};
			name = Release;
		};
/* End XCBuildConfiguration section */

/* Begin XCConfigurationList section */
		A64C067C2F25E1CD00C73210 /* Build configuration list for PBXProject "Power2ThePeople" */ = {
			isa = XCConfigurationList;
			buildConfigurations = (
				A64C06A32F25E1CF00C73210 /* Debug */,
				A64C06A42F25E1CF00C73210 /* Release */,
			);
			defaultConfigurationIsVisible = 0;
			defaultConfigurationName = Release;
		};
		A64C06A52F25E1CF00C73210 /* Build configuration list for PBXNativeTarget "Power2ThePeople" */ = {
			isa = XCConfigurationList;
			buildConfigurations = (
				A64C06A62F25E1CF00C73210 /* Debug */,
				A64C06A72F25E1CF00C73210 /* Release */,
			);
			defaultConfigurationIsVisible = 0;
			defaultConfigurationName = Release;
		};
		A64C06A82F25E1CF00C73210 /* Build configuration list for PBXNativeTarget "Power2ThePeopleTests" */ = {
			isa = XCConfigurationList;
			buildConfigurations = (
				A64C06A92F25E1CF00C73210 /* Debug */,
				A64C06AA2F25E1CF00C73210 /* Release */,
			);
			defaultConfigurationIsVisible = 0;
			defaultConfigurationName = Release;
		};
		A64C06AB2F25E1CF00C73210 /* Build configuration list for PBXNativeTarget "Power2ThePeopleUITests" */ = {
			isa = XCConfigurationList;
			buildConfigurations = (
				A64C06AC2F25E1CF00C73210 /* Debug */,
				A64C06AD2F25E1CF00C73210 /* Release */,
			);
			defaultConfigurationIsVisible = 0;
			defaultConfigurationName = Release;
		};
/* End XCConfigurationList section */

/* Begin XCRemoteSwiftPackageReference section */
		A64C06AE2F25E38900C73210 /* XCRemoteSwiftPackageReference "meta-wearables-dat-ios" */ = {
			isa = XCRemoteSwiftPackageReference;
			repositoryURL = "https://github.com/facebook/meta-wearables-dat-ios";
			requirement = {
				kind = upToNextMajorVersion;
				minimumVersion = 0.3.0;
			};
		};
/* End XCRemoteSwiftPackageReference section */

/* Begin XCSwiftPackageProductDependency section */
		A64C06AF2F25E38900C73210 /* MWDATCamera */ = {
			isa = XCSwiftPackageProductDependency;
			package = A64C06AE2F25E38900C73210 /* XCRemoteSwiftPackageReference "meta-wearables-dat-ios" */;
			productName = MWDATCamera;
		};
		A64C06B12F25E38900C73210 /* MWDATCore */ = {
			isa = XCSwiftPackageProductDependency;
			package = A64C06AE2F25E38900C73210 /* XCRemoteSwiftPackageReference "meta-wearables-dat-ios" */;
			productName = MWDATCore;
		};
/* End XCSwiftPackageProductDependency section */
	};
	rootObject = A64C06792F25E1CD00C73210 /* Project object */;
}
